
Microsoft Visual Studio Solution File, Format Version 12.00
# Visual Studio Version 17
VisualStudioVersion = 17.5.002.0
MinimumVisualStudioVersion = 10.0.40219.1
Project("{9A19103F-16F7-4668-BE54-9A1E7A4F7556}") = "StarkeyWeek1TicketingSystem", "StarkeyWeek1TicketingSystem.csproj", "{DA4C9DBA-CB6C-4F4D-9773-E1D73DAF2161}"
EndProject
Global
	GlobalSection(SolutionConfigurationPlatforms) = preSolution
		Debug|Any CPU = Debug|Any CPU
		Release|Any CPU = Release|Any CPU
	EndGlobalSection
	GlobalSection(ProjectConfigurationPlatforms) = postSolution
		{DA4C9DBA-CB6C-4F4D-9773-E1D73DAF2161}.Debug|Any CPU.ActiveCfg = Debug|Any CPU
		{DA4C9DBA-CB6C-4F4D-9773-E1D73DAF2161}.Debug|Any CPU.Build.0 = Debug|Any CPU
		{DA4C9DBA-CB6C-4F4D-9773-E1D73DAF2161}.Release|Any CPU.ActiveCfg = Release|Any CPU
		{DA4C9DBA-CB6C-4F4D-9773-E1D73DAF2161}.Release|Any CPU.Build.0 = Release|Any CPU
	EndGlobalSection
	GlobalSection(SolutionProperties) = preSolution
		HideSolutionNode = FALSE
	EndGlobalSection
	GlobalSection(ExtensibilityGlobals) = postSolution
		SolutionGuid = {6AB76851-4373-4A05-9E17-74E862A3FB2C}
	EndGlobalSection
EndGlobal
